
Microsoft Visual Studio Solution File, Format Version 12.00
# Visual Studio Version 16
VisualStudioVersion = 16.0.30320.27
MinimumVisualStudioVersion = 10.0.40219.1
Project("{FAE04EC0-301F-11D3-BF4B-00C04F79EFBC}") = "Vetores", "Vetores\Vetores.csproj", "{01AB6AD5-D23C-44DB-993B-B82B286E23F9}"
EndProject
Global
	GlobalSection(SolutionConfigurationPlatforms) = preSolution
		Debug|Any CPU = Debug|Any CPU
		Release|Any CPU = Release|Any CPU
	EndGlobalSection
	GlobalSection(ProjectConfigurationPlatforms) = postSolution
		{01AB6AD5-D23C-44DB-993B-B82B286E23F9}.Debug|Any CPU.ActiveCfg = Debug|Any CPU
		{01AB6AD5-D23C-44DB-993B-B82B286E23F9}.Debug|Any CPU.Build.0 = Debug|Any CPU
		{01AB6AD5-D23C-44DB-993B-B82B286E23F9}.Release|Any CPU.ActiveCfg = Release|Any CPU
		{01AB6AD5-D23C-44DB-993B-B82B286E23F9}.Release|Any CPU.Build.0 = Release|Any CPU
	EndGlobalSection
	GlobalSection(SolutionProperties) = preSolution
		HideSolutionNode = FALSE
	EndGlobalSection
	GlobalSection(ExtensibilityGlobals) = postSolution
		SolutionGuid = {49D01A8C-FE61-4293-995B-ED092A99F089}
	EndGlobalSection
EndGlobal
